
Microsoft Visual Studio Solution File, Format Version 12.00
# Visual Studio Version 16
VisualStudioVersion = 16.0.29403.142
MinimumVisualStudioVersion = 10.0.40219.1
Project("{FAE04EC0-301F-11D3-BF4B-00C04F79EFBC}") = "Metanet CSV Builder", "Metanet CSV Builder\Metanet CSV Builder.csproj", "{465BA8F8-2DB8-4137-AB4C-74F0178430D1}"
EndProject
Global
	GlobalSection(SolutionConfigurationPlatforms) = preSolution
		Debug|Any CPU = Debug|Any CPU
		Release|Any CPU = Release|Any CPU
	EndGlobalSection
	GlobalSection(ProjectConfigurationPlatforms) = postSolution
		{465BA8F8-2DB8-4137-AB4C-74F0178430D1}.Debug|Any CPU.ActiveCfg = Debug|Any CPU
		{465BA8F8-2DB8-4137-AB4C-74F0178430D1}.Debug|Any CPU.Build.0 = Debug|Any CPU
		{465BA8F8-2DB8-4137-AB4C-74F0178430D1}.Release|Any CPU.ActiveCfg = Release|Any CPU
		{465BA8F8-2DB8-4137-AB4C-74F0178430D1}.Release|Any CPU.Build.0 = Release|Any CPU
	EndGlobalSection
	GlobalSection(SolutionProperties) = preSolution
		HideSolutionNode = FALSE
	EndGlobalSection
	GlobalSection(ExtensibilityGlobals) = postSolution
		SolutionGuid = {1629E5BD-8EE4-4DFD-B4F2-AF2768DF4BF7}
	EndGlobalSection
EndGlobal
